
Microsoft Visual Studio Solution File, Format Version 12.00
# Visual Studio Version 16
VisualStudioVersion = 16.0.31025.194
MinimumVisualStudioVersion = 10.0.40219.1
Project("{8BC9CEB8-8B4A-11D0-8D11-00A0C91BC942}") = "GOAP_AI_HarvistingSimulation", "GOAP_AI_HarvistingSimulation\GOAP_AI_HarvistingSimulation.vcxproj", "{4B830E63-EB98-4586-BE4A-898A32E45AD8}"
EndProject
Global
	GlobalSection(SolutionConfigurationPlatforms) = preSolution
		Debug|x64 = Debug|x64
		Debug|x86 = Debug|x86
		Release|x64 = Release|x64
		Release|x86 = Release|x86
	EndGlobalSection
	GlobalSection(ProjectConfigurationPlatforms) = postSolution
		{4B830E63-EB98-4586-BE4A-898A32E45AD8}.Debug|x64.ActiveCfg = Debug|x64
		{4B830E63-EB98-4586-BE4A-898A32E45AD8}.Debug|x64.Build.0 = Debug|x64
		{4B830E63-EB98-4586-BE4A-898A32E45AD8}.Debug|x86.ActiveCfg = Debug|Win32
		{4B830E63-EB98-4586-BE4A-898A32E45AD8}.Debug|x86.Build.0 = Debug|Win32
		{4B830E63-EB98-4586-BE4A-898A32E45AD8}.Release|x64.ActiveCfg = Release|x64
		{4B830E63-EB98-4586-BE4A-898A32E45AD8}.Release|x64.Build.0 = Release|x64
		{4B830E63-EB98-4586-BE4A-898A32E45AD8}.Release|x86.ActiveCfg = Release|Win32
		{4B830E63-EB98-4586-BE4A-898A32E45AD8}.Release|x86.Build.0 = Release|Win32
	EndGlobalSection
	GlobalSection(SolutionProperties) = preSolution
		HideSolutionNode = FALSE
	EndGlobalSection
	GlobalSection(ExtensibilityGlobals) = postSolution
		SolutionGuid = {D1C03BA4-3F9E-438F-B029-2C0293B6B391}
	EndGlobalSection
EndGlobal
