<?xml version="1.0" encoding="utf-8"?>
<Project ToolsVersion="4.0" xmlns="http://schemas.microsoft.com/developer/msbuild/2003">
  <ItemGroup>
    <Filter Include="Source Files">
      <UniqueIdentifier>{4FC737F1-C7A5-4376-A066-2A32D752A2FF}</UniqueIdentifier>
      <Extensions>cpp;c;cc;cxx;c++;cppm;ixx;def;odl;idl;hpj;bat;asm;asmx</Extensions>
    </Filter>
    <Filter Include="Header Files">
      <UniqueIdentifier>{93995380-89BD-4b04-88EB-625FBE52EBFB}</UniqueIdentifier>
      <Extensions>h;hh;hpp;hxx;h++;hm;inl;inc;ipp;xsd</Extensions>
    </Filter>
    <Filter Include="Resource Files">
      <UniqueIdentifier>{67DA6AB6-F800-4c08-8B7A-83BB121AAD01}</UniqueIdentifier>
      <Extensions>rc;ico;cur;bmp;dlg;rc2;rct;bin;rgs;gif;jpg;jpeg;jpe;resx;tiff;tif;png;wav;mfcribbon-ms</Extensions>
    </Filter>
    <Filter Include="Elite FrameWork">
      <UniqueIdentifier>{139411fa-9594-41b1-90ce-53d17c291c9a}</UniqueIdentifier>
    </Filter>
    <Filter Include="Elite FrameWork\Connection">
      <UniqueIdentifier>{da9ca365-9923-4b03-9125-aacab1661147}</UniqueIdentifier>
    </Filter>
    <Filter Include="Elite FrameWork\Nodes">
      <UniqueIdentifier>{ea12893b-85be-43dd-a67c-68e0993fd07c}</UniqueIdentifier>
    </Filter>
    <Filter Include="Elite FrameWork\Graph">
      <UniqueIdentifier>{f541f7a3-da4b-4b62-8a0a-904ea986a3b7}</UniqueIdentifier>
    </Filter>
    <Filter Include="GOAP">
      <UniqueIdentifier>{f373deca-237e-4ca0-bcd7-682ade021c00}</UniqueIdentifier>
    </Filter>
    <Filter Include="GOAP\Planner">
      <UniqueIdentifier>{e802b7d5-7e84-4e5a-9089-94519e1099bf}</UniqueIdentifier>
    </Filter>
    <Filter Include="Elite FrameWork\EliteGraph">
      <UniqueIdentifier>{8ec18806-3df0-4d05-b8ee-5abe4d600fac}</UniqueIdentifier>
    </Filter>
    <Filter Include="GOAP\Actions">
      <UniqueIdentifier>{b8d392bd-7118-487a-a75d-067788b3d275}</UniqueIdentifier>
    </Filter>
    <Filter Include="Elite FrameWork\Math">
      <UniqueIdentifier>{8742a374-4617-4635-a48a-6ca87841ce20}</UniqueIdentifier>
    </Filter>
    <Filter Include="Source Files\WorldLocations">
      <UniqueIdentifier>{083b9488-5c0f-4ddf-bec1-b0a2bd85b3b8}</UniqueIdentifier>
    </Filter>
    <Filter Include="FSM">
      <UniqueIdentifier>{6daaaadc-4c8c-42d5-9697-3b93a1d15cc5}</UniqueIdentifier>
    </Filter>
    <Filter Include="FSM\States">
      <UniqueIdentifier>{c275207e-ff55-4c0b-8e1a-0a42e4c011f0}</UniqueIdentifier>
    </Filter>
  </ItemGroup>
  <ItemGroup>
    <ClCompile Include="GOAP_AI_HarvistingSimulation.cpp">
      <Filter>Source Files</Filter>
    </ClCompile>
    <ClCompile Include="EGraphConnectionTypes.cpp">
      <Filter>Elite FrameWork\Connection</Filter>
    </ClCompile>
    <ClCompile Include="EGraphNodeTypes.cpp">
      <Filter>Elite FrameWork\Nodes</Filter>
    </ClCompile>
    <ClCompile Include="GOAP_Application.cpp">
      <Filter>Source Files</Filter>
    </ClCompile>
    <ClCompile Include="Resources.cpp">
      <Filter>Source Files</Filter>
    </ClCompile>
    <ClCompile Include="Planner.cpp">
      <Filter>GOAP\Planner</Filter>
    </ClCompile>
    <ClCompile Include="GOAPInterface.cpp">
      <Filter>GOAP</Filter>
    </ClCompile>
    <ClCompile Include="Inventory.cpp">
      <Filter>Source Files</Filter>
    </ClCompile>
    <ClCompile Include="GOAPAgent.cpp">
      <Filter>GOAP</Filter>
    </ClCompile>
    <ClCompile Include="GameObject.cpp">
      <Filter>Source Files</Filter>
    </ClCompile>
    <ClCompile Include="EliteMath\EMatrix2x3.cpp">
      <Filter>Elite FrameWork\Math</Filter>
    </ClCompile>
    <ClCompile Include="ResourceSpot.cpp">
      <Filter>Source Files\WorldLocations</Filter>
    </ClCompile>
    <ClCompile Include="BaseSpot.cpp">
      <Filter>Source Files\WorldLocations</Filter>
    </ClCompile>
    <ClCompile Include="DropOffCoalAction.cpp">
      <Filter>GOAP\Actions</Filter>
    </ClCompile>
    <ClCompile Include="EFiniteStateMachine.cpp">
      <Filter>Elite FrameWork</Filter>
    </ClCompile>
  </ItemGroup>
  <ItemGroup>
    <ClInclude Include="EGraphConnectionTypes.h">
      <Filter>Elite FrameWork\Connection</Filter>
    </ClInclude>
    <ClInclude Include="EGraphEnums.h">
      <Filter>Elite FrameWork\Connection</Filter>
    </ClInclude>
    <ClInclude Include="EGraphNodeTypes.h">
      <Filter>Elite FrameWork\Nodes</Filter>
    </ClInclude>
    <ClInclude Include="EIGraph.h">
      <Filter>Elite FrameWork\Graph</Filter>
    </ClInclude>
    <ClInclude Include="Resources.h">
      <Filter>Source Files</Filter>
    </ClInclude>
    <ClInclude Include="Planner.h">
      <Filter>GOAP\Planner</Filter>
    </ClInclude>
    <ClInclude Include="GOAP_Application.h">
      <Filter>Source Files</Filter>
    </ClInclude>
    <ClInclude Include="GOAPInterface.h">
      <Filter>GOAP</Filter>
    </ClInclude>
    <ClInclude Include="EAStar.h">
      <Filter>Elite FrameWork\EliteGraph</Filter>
    </ClInclude>
    <ClInclude Include="EBFS.h">
      <Filter>Elite FrameWork\EliteGraph</Filter>
    </ClInclude>
    <ClInclude Include="EEularianPath.h">
      <Filter>Elite FrameWork\EliteGraph</Filter>
    </ClInclude>
    <ClInclude Include="ENavigation.h">
      <Filter>Elite FrameWork</Filter>
    </ClInclude>
    <ClInclude Include="EHeuristicFunctions.h">
      <Filter>Elite FrameWork</Filter>
    </ClInclude>
    <ClInclude Include="Inventory.h">
      <Filter>Source Files</Filter>
    </ClInclude>
    <ClInclude Include="MineCoalAction.h">
      <Filter>GOAP\Actions</Filter>
    </ClInclude>
    <ClInclude Include="Actions.h">
      <Filter>GOAP\Actions</Filter>
    </ClInclude>
    <ClInclude Include="GOAPAgent.h">
      <Filter>GOAP</Filter>
    </ClInclude>
    <ClInclude Include="GameObject.h">
      <Filter>Header Files</Filter>
    </ClInclude>
    <ClInclude Include="EliteMath\EMat22.h">
      <Filter>Elite FrameWork\Math</Filter>
    </ClInclude>
    <ClInclude Include="EliteMath\FMatrix.h">
      <Filter>Elite FrameWork\Math</Filter>
    </ClInclude>
    <ClInclude Include="EliteMath\EVector3.h">
      <Filter>Elite FrameWork\Math</Filter>
    </ClInclude>
    <ClInclude Include="EliteMath\EVector2.h">
      <Filter>Elite FrameWork\Math</Filter>
    </ClInclude>
    <ClInclude Include="EliteMath\EMatrix2x3.h">
      <Filter>Elite FrameWork\Math</Filter>
    </ClInclude>
    <ClInclude Include="EliteMath\EMathUtilities.h">
      <Filter>Elite FrameWork\Math</Filter>
    </ClInclude>
    <ClInclude Include="EliteMath\EMath.h">
      <Filter>Elite FrameWork\Math</Filter>
    </ClInclude>
    <ClInclude Include="ResourceSpot.h">
      <Filter>Source Files\WorldLocations</Filter>
    </ClInclude>
    <ClInclude Include="BaseSpot.h">
      <Filter>Source Files\WorldLocations</Filter>
    </ClInclude>
    <ClInclude Include="DropOffCoalAction.h">
      <Filter>GOAP\Actions</Filter>
    </ClInclude>
    <ClInclude Include="EFiniteStateMachine.h">
      <Filter>Elite FrameWork</Filter>
    </ClInclude>
    <ClInclude Include="EBlackboard.h">
      <Filter>Elite FrameWork</Filter>
    </ClInclude>
    <ClInclude Include="EDecisionMaking.h">
      <Filter>Elite FrameWork</Filter>
    </ClInclude>
    <ClInclude Include="resource.h">
      <Filter>Header Files</Filter>
    </ClInclude>
    <ClInclude Include="StatesAndTranstions.h">
      <Filter>FSM\States</Filter>
    </ClInclude>
  </ItemGroup>
  <ItemGroup>
    <ResourceCompile Include="GOAP_AI_HarvistingSimulation.rc">
      <Filter>Resource Files</Filter>
    </ResourceCompile>
  </ItemGroup>
</Project>